{
  "lockfile-version": 1,
  "manifest": {
    "version": 1,
    "install": {
      "air": {
        "pkg-path": "air"
      },
      "delve": {
        "pkg-path": "delve"
      },
      "go": {
        "pkg-path": "go",
        "version": "^1.23"
      }
    },
    "hook": {
      "on-activate": "  # Autogenerated by Flox\n\n  # Point GOENV to Flox environment cache\n  export GOENV=\"$FLOX_ENV_CACHE/goenv\"\n\n  # Install Go dependencies\n  go get .\n\n  # End autogenerated by Flox\n  \n  make add-host\n"
    },
    "profile": {},
    "options": {
      "systems": [
        "aarch64-darwin",
        "aarch64-linux",
        "x86_64-darwin",
        "x86_64-linux"
      ],
      "allow": {
        "licenses": []
      },
      "semver": {}
    }
  },
  "packages": [
    {
      "attr_path": "air",
      "broken": false,
      "derivation": "/nix/store/ix30gzsbn5832l0m9pwc9ids1hzl1h0k-air-1.61.1.drv",
      "description": "Live reload for Go apps",
      "install_id": "air",
      "license": "GPL-3.0-only",
      "locked_url": "https://github.com/flox/nixpkgs?rev=a73246e2eef4c6ed172979932bc80e1404ba2d56",
      "name": "air-1.61.1",
      "pname": "air",
      "rev": "a73246e2eef4c6ed172979932bc80e1404ba2d56",
      "rev_count": 719504,
      "rev_date": "2024-12-09T15:59:59Z",
      "scrape_date": "2024-12-11T03:49:32Z",
      "stabilities": [
        "unstable"
      ],
      "unfree": false,
      "version": "1.61.1",
      "outputs_to_install": [
        "out"
      ],
      "outputs": {
        "out": "/nix/store/85qxx08jmizm266ryajgxdj066y27f2l-air-1.61.1"
      },
      "system": "aarch64-darwin",
      "group": "toplevel",
      "priority": 5
    },
    {
      "attr_path": "air",
      "broken": false,
      "derivation": "/nix/store/ab3fnj8y5y0pfj1ax469kfsq3g4wivbm-air-1.61.1.drv",
      "description": "Live reload for Go apps",
      "install_id": "air",
      "license": "GPL-3.0-only",
      "locked_url": "https://github.com/flox/nixpkgs?rev=a73246e2eef4c6ed172979932bc80e1404ba2d56",
      "name": "air-1.61.1",
      "pname": "air",
      "rev": "a73246e2eef4c6ed172979932bc80e1404ba2d56",
      "rev_count": 719504,
      "rev_date": "2024-12-09T15:59:59Z",
      "scrape_date": "2024-12-11T03:49:32Z",
      "stabilities": [
        "unstable"
      ],
      "unfree": false,
      "version": "1.61.1",
      "outputs_to_install": [
        "out"
      ],
      "outputs": {
        "out": "/nix/store/3r9b8pmia0jxcczy1k2v6blflx5ql42i-air-1.61.1"
      },
      "system": "aarch64-linux",
      "group": "toplevel",
      "priority": 5
    },
    {
      "attr_path": "air",
      "broken": false,
      "derivation": "/nix/store/0xkrxqkb4m7x4cci5v7vx48bs1pm0f80-air-1.61.1.drv",
      "description": "Live reload for Go apps",
      "install_id": "air",
      "license": "GPL-3.0-only",
      "locked_url": "https://github.com/flox/nixpkgs?rev=a73246e2eef4c6ed172979932bc80e1404ba2d56",
      "name": "air-1.61.1",
      "pname": "air",
      "rev": "a73246e2eef4c6ed172979932bc80e1404ba2d56",
      "rev_count": 719504,
      "rev_date": "2024-12-09T15:59:59Z",
      "scrape_date": "2024-12-11T03:49:32Z",
      "stabilities": [
        "unstable"
      ],
      "unfree": false,
      "version": "1.61.1",
      "outputs_to_install": [
        "out"
      ],
      "outputs": {
        "out": "/nix/store/b4l66ssp88isaj4v66y8gbbdmhz5qv4b-air-1.61.1"
      },
      "system": "x86_64-darwin",
      "group": "toplevel",
      "priority": 5
    },
    {
      "attr_path": "air",
      "broken": false,
      "derivation": "/nix/store/spqv3v23d01nm9zijqa2z6lngmxjwr2g-air-1.61.1.drv",
      "description": "Live reload for Go apps",
      "install_id": "air",
      "license": "GPL-3.0-only",
      "locked_url": "https://github.com/flox/nixpkgs?rev=a73246e2eef4c6ed172979932bc80e1404ba2d56",
      "name": "air-1.61.1",
      "pname": "air",
      "rev": "a73246e2eef4c6ed172979932bc80e1404ba2d56",
      "rev_count": 719504,
      "rev_date": "2024-12-09T15:59:59Z",
      "scrape_date": "2024-12-11T03:49:32Z",
      "stabilities": [
        "unstable"
      ],
      "unfree": false,
      "version": "1.61.1",
      "outputs_to_install": [
        "out"
      ],
      "outputs": {
        "out": "/nix/store/2byv2qxyi3p32cr2iqzbzz8rvchsrx0z-air-1.61.1"
      },
      "system": "x86_64-linux",
      "group": "toplevel",
      "priority": 5
    },
    {
      "attr_path": "delve",
      "broken": false,
      "derivation": "/nix/store/xr75hjgq85dm52by1d14z7g2kxw1lcik-delve-1.23.1.drv",
      "description": "debugger for the Go programming language",
      "install_id": "delve",
      "license": "MIT",
      "locked_url": "https://github.com/flox/nixpkgs?rev=a73246e2eef4c6ed172979932bc80e1404ba2d56",
      "name": "delve-1.23.1",
      "pname": "delve",
      "rev": "a73246e2eef4c6ed172979932bc80e1404ba2d56",
      "rev_count": 719504,
      "rev_date": "2024-12-09T15:59:59Z",
      "scrape_date": "2024-12-11T03:49:32Z",
      "stabilities": [
        "unstable"
      ],
      "unfree": false,
      "version": "1.23.1",
      "outputs_to_install": [
        "out"
      ],
      "outputs": {
        "out": "/nix/store/7h3c6aab4vzmxf0rdz226dhw08904dlq-delve-1.23.1"
      },
      "system": "aarch64-darwin",
      "group": "toplevel",
      "priority": 5
    },
    {
      "attr_path": "delve",
      "broken": false,
      "derivation": "/nix/store/pa7scmml90rivvbvaskwa8l7zgzpjj21-delve-1.23.1.drv",
      "description": "debugger for the Go programming language",
      "install_id": "delve",
      "license": "MIT",
      "locked_url": "https://github.com/flox/nixpkgs?rev=a73246e2eef4c6ed172979932bc80e1404ba2d56",
      "name": "delve-1.23.1",
      "pname": "delve",
      "rev": "a73246e2eef4c6ed172979932bc80e1404ba2d56",
      "rev_count": 719504,
      "rev_date": "2024-12-09T15:59:59Z",
      "scrape_date": "2024-12-11T03:49:32Z",
      "stabilities": [
        "unstable"
      ],
      "unfree": false,
      "version": "1.23.1",
      "outputs_to_install": [
        "out"
      ],
      "outputs": {
        "out": "/nix/store/lhjlr1srwr1kfg47qj895zax7qx17135-delve-1.23.1"
      },
      "system": "aarch64-linux",
      "group": "toplevel",
      "priority": 5
    },
    {
      "attr_path": "delve",
      "broken": false,
      "derivation": "/nix/store/1i3bcr06cqrn8lvd3qgkavbp9knnqhig-delve-1.23.1.drv",
      "description": "debugger for the Go programming language",
      "install_id": "delve",
      "license": "MIT",
      "locked_url": "https://github.com/flox/nixpkgs?rev=a73246e2eef4c6ed172979932bc80e1404ba2d56",
      "name": "delve-1.23.1",
      "pname": "delve",
      "rev": "a73246e2eef4c6ed172979932bc80e1404ba2d56",
      "rev_count": 719504,
      "rev_date": "2024-12-09T15:59:59Z",
      "scrape_date": "2024-12-11T03:49:32Z",
      "stabilities": [
        "unstable"
      ],
      "unfree": false,
      "version": "1.23.1",
      "outputs_to_install": [
        "out"
      ],
      "outputs": {
        "out": "/nix/store/59zzal68ykcfqw25bwgnhrjpcbfll79a-delve-1.23.1"
      },
      "system": "x86_64-darwin",
      "group": "toplevel",
      "priority": 5
    },
    {
      "attr_path": "delve",
      "broken": false,
      "derivation": "/nix/store/8dcmrxnj03i73izxd6f2vplvmq7jpljl-delve-1.23.1.drv",
      "description": "debugger for the Go programming language",
      "install_id": "delve",
      "license": "MIT",
      "locked_url": "https://github.com/flox/nixpkgs?rev=a73246e2eef4c6ed172979932bc80e1404ba2d56",
      "name": "delve-1.23.1",
      "pname": "delve",
      "rev": "a73246e2eef4c6ed172979932bc80e1404ba2d56",
      "rev_count": 719504,
      "rev_date": "2024-12-09T15:59:59Z",
      "scrape_date": "2024-12-11T03:49:32Z",
      "stabilities": [
        "unstable"
      ],
      "unfree": false,
      "version": "1.23.1",
      "outputs_to_install": [
        "out"
      ],
      "outputs": {
        "out": "/nix/store/1d45322sj2wpqmq8cw4m3g588qf9zj40-delve-1.23.1"
      },
      "system": "x86_64-linux",
      "group": "toplevel",
      "priority": 5
    },
    {
      "attr_path": "go",
      "broken": false,
      "derivation": "/nix/store/h0fnip35k4lsrzpmqcpys5n79mybdyiz-go-1.23.3.drv",
      "description": "Go Programming language",
      "install_id": "go",
      "license": "BSD-3-Clause",
      "locked_url": "https://github.com/flox/nixpkgs?rev=a73246e2eef4c6ed172979932bc80e1404ba2d56",
      "name": "go-1.23.3",
      "pname": "go",
      "rev": "a73246e2eef4c6ed172979932bc80e1404ba2d56",
      "rev_count": 719504,
      "rev_date": "2024-12-09T15:59:59Z",
      "scrape_date": "2024-12-11T03:49:32Z",
      "stabilities": [
        "unstable"
      ],
      "unfree": false,
      "version": "1.23.3",
      "outputs_to_install": [
        "out"
      ],
      "outputs": {
        "out": "/nix/store/w5cxqj1wmbl3wp6arpyl90g66hjs0823-go-1.23.3"
      },
      "system": "aarch64-darwin",
      "group": "toplevel",
      "priority": 5
    },
    {
      "attr_path": "go",
      "broken": false,
      "derivation": "/nix/store/7z5w6l4z1am909fazspdizhd8hjcrldd-go-1.23.3.drv",
      "description": "Go Programming language",
      "install_id": "go",
      "license": "BSD-3-Clause",
      "locked_url": "https://github.com/flox/nixpkgs?rev=a73246e2eef4c6ed172979932bc80e1404ba2d56",
      "name": "go-1.23.3",
      "pname": "go",
      "rev": "a73246e2eef4c6ed172979932bc80e1404ba2d56",
      "rev_count": 719504,
      "rev_date": "2024-12-09T15:59:59Z",
      "scrape_date": "2024-12-11T03:49:32Z",
      "stabilities": [
        "unstable"
      ],
      "unfree": false,
      "version": "1.23.3",
      "outputs_to_install": [
        "out"
      ],
      "outputs": {
        "out": "/nix/store/09zl6c5i31x18w55qskc0kbp32arvvlr-go-1.23.3"
      },
      "system": "aarch64-linux",
      "group": "toplevel",
      "priority": 5
    },
    {
      "attr_path": "go",
      "broken": false,
      "derivation": "/nix/store/mkxbfn6iqinqs3fsczr4wn1306cjl5g6-go-1.23.3.drv",
      "description": "Go Programming language",
      "install_id": "go",
      "license": "BSD-3-Clause",
      "locked_url": "https://github.com/flox/nixpkgs?rev=a73246e2eef4c6ed172979932bc80e1404ba2d56",
      "name": "go-1.23.3",
      "pname": "go",
      "rev": "a73246e2eef4c6ed172979932bc80e1404ba2d56",
      "rev_count": 719504,
      "rev_date": "2024-12-09T15:59:59Z",
      "scrape_date": "2024-12-11T03:49:32Z",
      "stabilities": [
        "unstable"
      ],
      "unfree": false,
      "version": "1.23.3",
      "outputs_to_install": [
        "out"
      ],
      "outputs": {
        "out": "/nix/store/alkrwr7w62qp3160q0azcvnyn0184hw3-go-1.23.3"
      },
      "system": "x86_64-darwin",
      "group": "toplevel",
      "priority": 5
    },
    {
      "attr_path": "go",
      "broken": false,
      "derivation": "/nix/store/k427v9wgcg9ify27mcqxrkpw5fd16xmg-go-1.23.3.drv",
      "description": "Go Programming language",
      "install_id": "go",
      "license": "BSD-3-Clause",
      "locked_url": "https://github.com/flox/nixpkgs?rev=a73246e2eef4c6ed172979932bc80e1404ba2d56",
      "name": "go-1.23.3",
      "pname": "go",
      "rev": "a73246e2eef4c6ed172979932bc80e1404ba2d56",
      "rev_count": 719504,
      "rev_date": "2024-12-09T15:59:59Z",
      "scrape_date": "2024-12-11T03:49:32Z",
      "stabilities": [
        "unstable"
      ],
      "unfree": false,
      "version": "1.23.3",
      "outputs_to_install": [
        "out"
      ],
      "outputs": {
        "out": "/nix/store/zhq8dnjbhwspzdglyq28j74axvqyk86q-go-1.23.3"
      },
      "system": "x86_64-linux",
      "group": "toplevel",
      "priority": 5
    }
  ]
}